
Microsoft Visual Studio Solution File, Format Version 12.00
# Visual Studio 2012
Project("{FAE04EC0-301F-11D3-BF4B-00C04F79EFBC}") = "Translate", "Translate.csproj", "{7397E11F-301C-48CF-B2B7-69F8E3213B2D}"
EndProject
Global
	GlobalSection(SolutionConfigurationPlatforms) = preSolution
		Debug|Any CPU = Debug|Any CPU
		Release|Any CPU = Release|Any CPU
	EndGlobalSection
	GlobalSection(ProjectConfigurationPlatforms) = postSolution
		{7397E11F-301C-48CF-B2B7-69F8E3213B2D}.Debug|Any CPU.ActiveCfg = Debug|Any CPU
		{7397E11F-301C-48CF-B2B7-69F8E3213B2D}.Debug|Any CPU.Build.0 = Debug|Any CPU
		{7397E11F-301C-48CF-B2B7-69F8E3213B2D}.Release|Any CPU.ActiveCfg = Release|Any CPU
		{7397E11F-301C-48CF-B2B7-69F8E3213B2D}.Release|Any CPU.Build.0 = Release|Any CPU
	EndGlobalSection
EndGlobal
